// !$*UTF8*$!
{
	archiveVersion = 1;
	classes = {
	};
	objectVersion = 50;
	objects = {

/* Begin PBXBuildFile section */
		4114823822B48A7000771083 /* PixelMplus12-Regular.ttf in Resources */ = {isa = PBXBuildFile; fileRef = 4114823722B48A6300771083 /* PixelMplus12-Regular.ttf */; };
		41425655228955320045FBC8 /* AppDelegate.swift in Sources */ = {isa = PBXBuildFile; fileRef = 41425654228955320045FBC8 /* AppDelegate.swift */; };
		41425657228955320045FBC8 /* GameScene.sks in Resources */ = {isa = PBXBuildFile; fileRef = 41425656228955320045FBC8 /* GameScene.sks */; };
		41425659228955320045FBC8 /* Actions.sks in Resources */ = {isa = PBXBuildFile; fileRef = 41425658228955320045FBC8 /* Actions.sks */; };
		4142565B228955320045FBC8 /* GameScene.swift in Sources */ = {isa = PBXBuildFile; fileRef = 4142565A228955320045FBC8 /* GameScene.swift */; };
		4142565D228955320045FBC8 /* GameViewController.swift in Sources */ = {isa = PBXBuildFile; fileRef = 4142565C228955320045FBC8 /* GameViewController.swift */; };
		41425660228955320045FBC8 /* Main.storyboard in Resources */ = {isa = PBXBuildFile; fileRef = 4142565E228955320045FBC8 /* Main.storyboard */; };
		414256622289553E0045FBC8 /* Assets.xcassets in Resources */ = {isa = PBXBuildFile; fileRef = 414256612289553E0045FBC8 /* Assets.xcassets */; };
		414256652289553E0045FBC8 /* LaunchScreen.storyboard in Resources */ = {isa = PBXBuildFile; fileRef = 414256632289553E0045FBC8 /* LaunchScreen.storyboard */; };
		4142566D22912C4D0045FBC8 /* map.txt in Resources */ = {isa = PBXBuildFile; fileRef = 4142566C22912C4C0045FBC8 /* map.txt */; };
		418148DD22B670ED002A13DF /* PixelMplus12-Bold.ttf in Resources */ = {isa = PBXBuildFile; fileRef = 418148DC22B670E9002A13DF /* PixelMplus12-Bold.ttf */; };
/* End PBXBuildFile section */

/* Begin PBXFileReference section */
		4114823722B48A6300771083 /* PixelMplus12-Regular.ttf */ = {isa = PBXFileReference; lastKnownFileType = file; name = "PixelMplus12-Regular.ttf"; path = "../../../../Downloads/PixelMplus-20130602/PixelMplus12-Regular.ttf"; sourceTree = "<group>"; };
		41425651228955320045FBC8 /* actionRemake.app */ = {isa = PBXFileReference; explicitFileType = wrapper.application; includeInIndex = 0; path = actionRemake.app; sourceTree = BUILT_PRODUCTS_DIR; };
		41425654228955320045FBC8 /* AppDelegate.swift */ = {isa = PBXFileReference; lastKnownFileType = sourcecode.swift; path = AppDelegate.swift; sourceTree = "<group>"; };
		41425656228955320045FBC8 /* GameScene.sks */ = {isa = PBXFileReference; lastKnownFileType = file.sks; path = GameScene.sks; sourceTree = "<group>"; };
		41425658228955320045FBC8 /* Actions.sks */ = {isa = PBXFileReference; lastKnownFileType = file.sks; path = Actions.sks; sourceTree = "<group>"; };
		4142565A228955320045FBC8 /* GameScene.swift */ = {isa = PBXFileReference; lastKnownFileType = sourcecode.swift; path = GameScene.swift; sourceTree = "<group>"; };
		4142565C228955320045FBC8 /* GameViewController.swift */ = {isa = PBXFileReference; lastKnownFileType = sourcecode.swift; path = GameViewController.swift; sourceTree = "<group>"; };
		4142565F228955320045FBC8 /* Base */ = {isa = PBXFileReference; lastKnownFileType = file.storyboard; name = Base; path = Base.lproj/Main.storyboard; sourceTree = "<group>"; };
		414256612289553E0045FBC8 /* Assets.xcassets */ = {isa = PBXFileReference; lastKnownFileType = folder.assetcatalog; path = Assets.xcassets; sourceTree = "<group>"; };
		414256642289553E0045FBC8 /* Base */ = {isa = PBXFileReference; lastKnownFileType = file.storyboard; name = Base; path = Base.lproj/LaunchScreen.storyboard; sourceTree = "<group>"; };
		414256662289553F0045FBC8 /* Info.plist */ = {isa = PBXFileReference; lastKnownFileType = text.plist.xml; path = Info.plist; sourceTree = "<group>"; };
		4142566C22912C4C0045FBC8 /* map.txt */ = {isa = PBXFileReference; fileEncoding = 4; lastKnownFileType = text; path = map.txt; sourceTree = "<group>"; };
		418148DC22B670E9002A13DF /* PixelMplus12-Bold.ttf */ = {isa = PBXFileReference; lastKnownFileType = file; name = "PixelMplus12-Bold.ttf"; path = "../../../../Downloads/PixelMplus-20130602/PixelMplus12-Bold.ttf"; sourceTree = "<group>"; };
/* End PBXFileReference section */

/* Begin PBXFrameworksBuildPhase section */
		4142564E228955320045FBC8 /* Frameworks */ = {
			isa = PBXFrameworksBuildPhase;
			buildActionMask = 2147483647;
			files = (
			);
			runOnlyForDeploymentPostprocessing = 0;
		};
/* End PBXFrameworksBuildPhase section */

/* Begin PBXGroup section */
		41425648228955320045FBC8 = {
			isa = PBXGroup;
			children = (
				41425653228955320045FBC8 /* actionRemake */,
				41425652228955320045FBC8 /* Products */,
			);
			sourceTree = "<group>";
		};
		41425652228955320045FBC8 /* Products */ = {
			isa = PBXGroup;
			children = (
				41425651228955320045FBC8 /* actionRemake.app */,
			);
			name = Products;
			sourceTree = "<group>";
		};
		41425653228955320045FBC8 /* actionRemake */ = {
			isa = PBXGroup;
			children = (
				41425654228955320045FBC8 /* AppDelegate.swift */,
				41425656228955320045FBC8 /* GameScene.sks */,
				41425658228955320045FBC8 /* Actions.sks */,
				4142565A228955320045FBC8 /* GameScene.swift */,
				4142565C228955320045FBC8 /* GameViewController.swift */,
				4114823722B48A6300771083 /* PixelMplus12-Regular.ttf */,
				418148DC22B670E9002A13DF /* PixelMplus12-Bold.ttf */,
				4142565E228955320045FBC8 /* Main.storyboard */,
				4142566C22912C4C0045FBC8 /* map.txt */,
				414256612289553E0045FBC8 /* Assets.xcassets */,
				414256632289553E0045FBC8 /* LaunchScreen.storyboard */,
				414256662289553F0045FBC8 /* Info.plist */,
			);
			path = actionRemake;
			sourceTree = "<group>";
		};
/* End PBXGroup section */

/* Begin PBXNativeTarget section */
		41425650228955320045FBC8 /* actionRemake */ = {
			isa = PBXNativeTarget;
			buildConfigurationList = 414256692289553F0045FBC8 /* Build configuration list for PBXNativeTarget "actionRemake" */;
			buildPhases = (
				4142564D228955320045FBC8 /* Sources */,
				4142564E228955320045FBC8 /* Frameworks */,
				4142564F228955320045FBC8 /* Resources */,
			);
			buildRules = (
			);
			dependencies = (
			);
			name = actionRemake;
			productName = actionRemake;
			productReference = 41425651228955320045FBC8 /* actionRemake.app */;
			productType = "com.apple.product-type.application";
		};
/* End PBXNativeTarget section */

/* Begin PBXProject section */
		41425649228955320045FBC8 /* Project object */ = {
			isa = PBXProject;
			attributes = {
				LastSwiftUpdateCheck = 1020;
				LastUpgradeCheck = 1020;
				ORGANIZATIONNAME = "洞井僚太";
				TargetAttributes = {
					41425650228955320045FBC8 = {
						CreatedOnToolsVersion = 10.2.1;
					};
				};
			};
			buildConfigurationList = 4142564C228955320045FBC8 /* Build configuration list for PBXProject "actionRemake" */;
			compatibilityVersion = "Xcode 9.3";
			developmentRegion = en;
			hasScannedForEncodings = 0;
			knownRegions = (
				en,
				Base,
			);
			mainGroup = 41425648228955320045FBC8;
			productRefGroup = 41425652228955320045FBC8 /* Products */;
			projectDirPath = "";
			projectRoot = "";
			targets = (
				41425650228955320045FBC8 /* actionRemake */,
			);
		};
/* End PBXProject section */

/* Begin PBXResourcesBuildPhase section */
		4142564F228955320045FBC8 /* Resources */ = {
			isa = PBXResourcesBuildPhase;
			buildActionMask = 2147483647;
			files = (
				418148DD22B670ED002A13DF /* PixelMplus12-Bold.ttf in Resources */,
				4114823822B48A7000771083 /* PixelMplus12-Regular.ttf in Resources */,
				41425660228955320045FBC8 /* Main.storyboard in Resources */,
				41425657228955320045FBC8 /* GameScene.sks in Resources */,
				414256622289553E0045FBC8 /* Assets.xcassets in Resources */,
				4142566D22912C4D0045FBC8 /* map.txt in Resources */,
				414256652289553E0045FBC8 /* LaunchScreen.storyboard in Resources */,
				41425659228955320045FBC8 /* Actions.sks in Resources */,
			);
			runOnlyForDeploymentPostprocessing = 0;
		};
/* End PBXResourcesBuildPhase section */

/* Begin PBXSourcesBuildPhase section */
		4142564D228955320045FBC8 /* Sources */ = {
			isa = PBXSourcesBuildPhase;
			buildActionMask = 2147483647;
			files = (
				4142565B228955320045FBC8 /* GameScene.swift in Sources */,
				4142565D228955320045FBC8 /* GameViewController.swift in Sources */,
				41425655228955320045FBC8 /* AppDelegate.swift in Sources */,
			);
			runOnlyForDeploymentPostprocessing = 0;
		};
/* End PBXSourcesBuildPhase section */

/* Begin PBXVariantGroup section */
		4142565E228955320045FBC8 /* Main.storyboard */ = {
			isa = PBXVariantGroup;
			children = (
				4142565F228955320045FBC8 /* Base */,
			);
			name = Main.storyboard;
			sourceTree = "<group>";
		};
		414256632289553E0045FBC8 /* LaunchScreen.storyboard */ = {
			isa = PBXVariantGroup;
			children = (
				414256642289553E0045FBC8 /* Base */,
			);
			name = LaunchScreen.storyboard;
			sourceTree = "<group>";
		};
/* End PBXVariantGroup section */

/* Begin XCBuildConfiguration section */
		414256672289553F0045FBC8 /* Debug */ = {
			isa = XCBuildConfiguration;
			buildSettings = {
				ALWAYS_SEARCH_USER_PATHS = NO;
				CLANG_ANALYZER_NONNULL = YES;
				CLANG_ANALYZER_NUMBER_OBJECT_CONVERSION = YES_AGGRESSIVE;
				CLANG_CXX_LANGUAGE_STANDARD = "gnu++14";
				CLANG_CXX_LIBRARY = "libc++";
				CLANG_ENABLE_MODULES = YES;
				CLANG_ENABLE_OBJC_ARC = YES;
				CLANG_ENABLE_OBJC_WEAK = YES;
				CLANG_WARN_BLOCK_CAPTURE_AUTORELEASING = YES;
				CLANG_WARN_BOOL_CONVERSION = YES;
				CLANG_WARN_COMMA = YES;
				CLANG_WARN_CONSTANT_CONVERSION = YES;
				CLANG_WARN_DEPRECATED_OBJC_IMPLEMENTATIONS = YES;
				CLANG_WARN_DIRECT_OBJC_ISA_USAGE = YES_ERROR;
				CLANG_WARN_DOCUMENTATION_COMMENTS = YES;
				CLANG_WARN_EMPTY_BODY = YES;
				CLANG_WARN_ENUM_CONVERSION = YES;
				CLANG_WARN_INFINITE_RECURSION = YES;
				CLANG_WARN_INT_CONVERSION = YES;
				CLANG_WARN_NON_LITERAL_NULL_CONVERSION = YES;
				CLANG_WARN_OBJC_IMPLICIT_RETAIN_SELF = YES;
				CLANG_WARN_OBJC_LITERAL_CONVERSION = YES;
				CLANG_WARN_OBJC_ROOT_CLASS = YES_ERROR;
				CLANG_WARN_RANGE_LOOP_ANALYSIS = YES;
				CLANG_WARN_STRICT_PROTOTYPES = YES;
				CLANG_WARN_SUSPICIOUS_MOVE = YES;
				CLANG_WARN_UNGUARDED_AVAILABILITY = YES_AGGRESSIVE;
				CLANG_WARN_UNREACHABLE_CODE = YES;
				CLANG_WARN__DUPLICATE_METHOD_MATCH = YES;
				CODE_SIGN_IDENTITY = "iPhone Developer";
				COPY_PHASE_STRIP = NO;
				DEBUG_INFORMATION_FORMAT = dwarf;
				ENABLE_STRICT_OBJC_MSGSEND = YES;
				ENABLE_TESTABILITY = YES;
				GCC_C_LANGUAGE_STANDARD = gnu11;
				GCC_DYNAMIC_NO_PIC = NO;
				GCC_NO_COMMON_BLOCKS = YES;
				GCC_OPTIMIZATION_LEVEL = 0;
				GCC_PREPROCESSOR_DEFINITIONS = (
					"DEBUG=1",
					"$(inherited)",
				);
				GCC_WARN_64_TO_32_BIT_CONVERSION = YES;
				GCC_WARN_ABOUT_RETURN_TYPE = YES_ERROR;
				GCC_WARN_UNDECLARED_SELECTOR = YES;
				GCC_WARN_UNINITIALIZED_AUTOS = YES_AGGRESSIVE;
				GCC_WARN_UNUSED_FUNCTION = YES;
				GCC_WARN_UNUSED_VARIABLE = YES;
				IPHONEOS_DEPLOYMENT_TARGET = 12.2;
				MTL_ENABLE_DEBUG_INFO = INCLUDE_SOURCE;
				MTL_FAST_MATH = YES;
				ONLY_ACTIVE_ARCH = YES;
				SDKROOT = iphoneos;
				SWIFT_ACTIVE_COMPILATION_CONDITIONS = DEBUG;
				SWIFT_OPTIMIZATION_LEVEL = "-Onone";
			};
			name = Debug;
		};
		414256682289553F0045FBC8 /* Release */ = {
			isa = XCBuildConfiguration;
			buildSettings = {
				ALWAYS_SEARCH_USER_PATHS = NO;
				CLANG_ANALYZER_NONNULL = YES;
				CLANG_ANALYZER_NUMBER_OBJECT_CONVERSION = YES_AGGRESSIVE;
				CLANG_CXX_LANGUAGE_STANDARD = "gnu++14";
				CLANG_CXX_LIBRARY = "libc++";
				CLANG_ENABLE_MODULES = YES;
				CLANG_ENABLE_OBJC_ARC = YES;
				CLANG_ENABLE_OBJC_WEAK = YES;
				CLANG_WARN_BLOCK_CAPTURE_AUTORELEASING = YES;
				CLANG_WARN_BOOL_CONVERSION = YES;
				CLANG_WARN_COMMA = YES;
				CLANG_WARN_CONSTANT_CONVERSION = YES;
				CLANG_WARN_DEPRECATED_OBJC_IMPLEMENTATIONS = YES;
				CLANG_WARN_DIRECT_OBJC_ISA_USAGE = YES_ERROR;
				CLANG_WARN_DOCUMENTATION_COMMENTS = YES;
				CLANG_WARN_EMPTY_BODY = YES;
				CLANG_WARN_ENUM_CONVERSION = YES;
				CLANG_WARN_INFINITE_RECURSION = YES;
				CLANG_WARN_INT_CONVERSION = YES;
				CLANG_WARN_NON_LITERAL_NULL_CONVERSION = YES;
				CLANG_WARN_OBJC_IMPLICIT_RETAIN_SELF = YES;
				CLANG_WARN_OBJC_LITERAL_CONVERSION = YES;
				CLANG_WARN_OBJC_ROOT_CLASS = YES_ERROR;
				CLANG_WARN_RANGE_LOOP_ANALYSIS = YES;
				CLANG_WARN_STRICT_PROTOTYPES = YES;
				CLANG_WARN_SUSPICIOUS_MOVE = YES;
				CLANG_WARN_UNGUARDED_AVAILABILITY = YES_AGGRESSIVE;
				CLANG_WARN_UNREACHABLE_CODE = YES;
				CLANG_WARN__DUPLICATE_METHOD_MATCH = YES;
				CODE_SIGN_IDENTITY = "iPhone Developer";
				COPY_PHASE_STRIP = NO;
				DEBUG_INFORMATION_FORMAT = "dwarf-with-dsym";
				ENABLE_NS_ASSERTIONS = NO;
				ENABLE_STRICT_OBJC_MSGSEND = YES;
				GCC_C_LANGUAGE_STANDARD = gnu11;
				GCC_NO_COMMON_BLOCKS = YES;
				GCC_WARN_64_TO_32_BIT_CONVERSION = YES;
				GCC_WARN_ABOUT_RETURN_TYPE = YES_ERROR;
				GCC_WARN_UNDECLARED_SELECTOR = YES;
				GCC_WARN_UNINITIALIZED_AUTOS = YES_AGGRESSIVE;
				GCC_WARN_UNUSED_FUNCTION = YES;
				GCC_WARN_UNUSED_VARIABLE = YES;
				IPHONEOS_DEPLOYMENT_TARGET = 12.2;
				MTL_ENABLE_DEBUG_INFO = NO;
				MTL_FAST_MATH = YES;
				SDKROOT = iphoneos;
				SWIFT_COMPILATION_MODE = wholemodule;
				SWIFT_OPTIMIZATION_LEVEL = "-O";
				VALIDATE_PRODUCT = YES;
			};
			name = Release;
		};
		4142566A2289553F0045FBC8 /* Debug */ = {
			isa = XCBuildConfiguration;
			buildSettings = {
				ASSETCATALOG_COMPILER_APPICON_NAME = AppIcon;
				CODE_SIGN_STYLE = Automatic;
				DEVELOPMENT_TEAM = UF6465UXER;
				INFOPLIST_FILE = actionRemake/Info.plist;
				LD_RUNPATH_SEARCH_PATHS = (
					"$(inherited)",
					"@executable_path/Frameworks",
				);
				PRODUCT_BUNDLE_IDENTIFIER = dry.actionRemake;
				PRODUCT_NAME = "$(TARGET_NAME)";
				SWIFT_VERSION = 5.0;
				TARGETED_DEVICE_FAMILY = "1,2";
			};
			name = Debug;
		};
		4142566B2289553F0045FBC8 /* Release */ = {
			isa = XCBuildConfiguration;
			buildSettings = {
				ASSETCATALOG_COMPILER_APPICON_NAME = AppIcon;
				CODE_SIGN_STYLE = Automatic;
				DEVELOPMENT_TEAM = UF6465UXER;
				INFOPLIST_FILE = actionRemake/Info.plist;
				LD_RUNPATH_SEARCH_PATHS = (
					"$(inherited)",
					"@executable_path/Frameworks",
				);
				PRODUCT_BUNDLE_IDENTIFIER = dry.actionRemake;
				PRODUCT_NAME = "$(TARGET_NAME)";
				SWIFT_VERSION = 5.0;
				TARGETED_DEVICE_FAMILY = "1,2";
			};
			name = Release;
		};
/* End XCBuildConfiguration section */

/* Begin XCConfigurationList section */
		4142564C228955320045FBC8 /* Build configuration list for PBXProject "actionRemake" */ = {
			isa = XCConfigurationList;
			buildConfigurations = (
				414256672289553F0045FBC8 /* Debug */,
				414256682289553F0045FBC8 /* Release */,
			);
			defaultConfigurationIsVisible = 0;
			defaultConfigurationName = Release;
		};
		414256692289553F0045FBC8 /* Build configuration list for PBXNativeTarget "actionRemake" */ = {
			isa = XCConfigurationList;
			buildConfigurations = (
				4142566A2289553F0045FBC8 /* Debug */,
				4142566B2289553F0045FBC8 /* Release */,
			);
			defaultConfigurationIsVisible = 0;
			defaultConfigurationName = Release;
		};
/* End XCConfigurationList section */
	};
	rootObject = 41425649228955320045FBC8 /* Project object */;
}
